# Generated by conda-lock.
# platform: win-64
# input_hash: 79999463e4e96e507ae82ec832bb7fd8c960210dfa14115062687936498b2863
@EXPLICIT
https://conda.anaconda.org/conda-forge/noarch/python_abi-3.12-8_cp312.conda#c3efd25ac4d74b1584d2f7a57195ddf1
https://conda.anaconda.org/conda-forge/noarch/tzdata-2025b-h78e105d_0.conda#4222072737ccff51314b5ece9c7d6f5a
https://conda.anaconda.org/conda-forge/win-64/ucrt-10.0.26100.0-h57928b3_0.conda#71b24316859acd00bdb8b38f5e2ce328
https://conda.anaconda.org/conda-forge/noarch/ca-certificates-2025.8.3-h4c7d964_0.conda#c9e0c0f82f6e63323827db462b40ede8
https://conda.anaconda.org/conda-forge/win-64/libwinpthread-12.0.0.r4.gg4f2fc60ca-h57928b3_9.conda#08bfa5da6e242025304b206d152479ef
https://conda.anaconda.org/conda-forge/win-64/vcomp14-14.44.35208-h818238b_31.conda#a6b1d5c1fc3cb89f88f7179ee6a9afe3
https://conda.anaconda.org/conda-forge/win-64/vc14_runtime-14.44.35208-h818238b_31.conda#603e41da40a765fd47995faa021da946
https://conda.anaconda.org/conda-forge/win-64/vc-14.3-h41ae7f8_31.conda#28f4ca1e0337d0f27afb8602663c5723
https://conda.anaconda.org/conda-forge/win-64/bzip2-1.0.8-h2466b09_7.conda#276e7ffe9ffe39688abc665ef0f45596
https://conda.anaconda.org/conda-forge/win-64/cpp-expected-1.1.0-hc790b64_1.conda#90a81b6b7b4e903362329b8b740047fe
https://conda.anaconda.org/conda-forge/win-64/fmt-11.2.0-h1d4551f_0.conda#15b63c3fb5b7d67b1cb63553a33e6090
https://conda.anaconda.org/conda-forge/win-64/libexpat-2.7.1-hac47afa_0.conda#3608ffde260281fa641e70d6e34b1b96
https://conda.anaconda.org/conda-forge/win-64/libffi-3.4.6-h537db12_1.conda#85d8fa5e55ed8f93f874b3b23ed54ec6
https://conda.anaconda.org/conda-forge/win-64/libiconv-1.18-hc1393d2_2.conda#64571d1dd6cdcfa25d0664a5950fdaa2
https://conda.anaconda.org/conda-forge/win-64/liblzma-5.8.1-h2466b09_2.conda#c15148b2e18da456f5108ccb5e411446
https://conda.anaconda.org/conda-forge/win-64/libsqlite-3.50.4-hf5d6505_0.conda#ccb20d946040f86f0c05b644d5eadeca
https://conda.anaconda.org/conda-forge/win-64/libzlib-1.3.1-h2466b09_2.conda#41fbfac52c601159df6c01f875de31b9
https://conda.anaconda.org/conda-forge/win-64/llvm-openmp-20.1.8-hfa2b4ca_2.conda#2dc2edf349464c8b83a576175fc2ad42
https://conda.anaconda.org/conda-forge/win-64/lz4-c-1.10.0-h2466b09_1.conda#0b69331897a92fac3d8923549d48d092
https://conda.anaconda.org/conda-forge/win-64/lzo-2.10-h6a83c73_1002.conda#c5cb4159f0eea65663b31dd1e49bbb71
https://conda.anaconda.org/conda-forge/win-64/nlohmann_json-3.11.3-he0c23c2_1.conda#340cbb4ab78c90cd9d08f826ad22aed2
https://conda.anaconda.org/conda-forge/win-64/openssl-3.5.2-h725018a_0.conda#150d3920b420a27c0848acca158f94dc
https://conda.anaconda.org/conda-forge/win-64/reproc-14.2.5.post0-h2466b09_0.conda#c3ca4c18c99a3b9832e11b11af227713
https://conda.anaconda.org/conda-forge/win-64/simdjson-3.13.0-hc790b64_0.conda#bb927044f1999ff62cb2c99d385ad597
https://conda.anaconda.org/conda-forge/win-64/tk-8.6.13-h2c6b04d_2.conda#ebd0e761de9aa879a51d22cc721bd095
https://conda.anaconda.org/conda-forge/win-64/yaml-0.2.5-h6a83c73_3.conda#433699cba6602098ae8957a323da2664
https://conda.anaconda.org/conda-forge/win-64/yaml-cpp-0.8.0-he0c23c2_0.conda#9bb5064a9fca5ca8e7d7f1ae677354b6
https://conda.anaconda.org/conda-forge/win-64/krb5-1.21.3-hdf4eb48_0.conda#31aec030344e962fbd7dbbbbd68e60a9
https://conda.anaconda.org/conda-forge/win-64/libsolv-0.7.35-h8883371_0.conda#987be7025314bcfe936de3f0e91082b5
https://conda.anaconda.org/conda-forge/win-64/libssh2-1.11.1-h9aa295b_0.conda#9dce2f112bfd3400f4f432b3d0ac07b2
https://conda.anaconda.org/conda-forge/win-64/libxml2-2.13.8-h741aa76_1.conda#aeb49dc1f5531de13d2c0d57ffa6d0c8
https://conda.anaconda.org/conda-forge/win-64/python-3.12.11-h3f84c4b_0_cpython.conda#6aa5e62df29efa6319542ae5025f4376
https://conda.anaconda.org/conda-forge/win-64/reproc-cpp-14.2.5.post0-he0c23c2_0.conda#d2ce31fa746dddeb37f24f32da0969e9
https://conda.anaconda.org/conda-forge/win-64/zstd-1.5.7-hbeecb71_2.conda#21f56217d6125fb30c3c3f10c786d751
https://conda.anaconda.org/conda-forge/noarch/appdirs-1.4.4-pyhd8ed1ab_1.conda#f4e90937bbfc3a4a92539545a37bb448
https://conda.anaconda.org/conda-forge/noarch/backports-1.0-pyhd8ed1ab_5.conda#767d508c1a67e02ae8f50e44cacfadb2
https://conda.anaconda.org/conda-forge/noarch/boltons-25.0.0-pyhd8ed1ab_0.conda#c7eb87af73750d6fd97eff8bbee8cb9c
https://conda.anaconda.org/conda-forge/win-64/brotli-python-1.1.0-py312h275cf98_3.conda#a87a39f9eb9fd5f171b13d8c79f7a99a
https://conda.anaconda.org/conda-forge/noarch/certifi-2025.8.3-pyhd8ed1ab_0.conda#11f59985f49df4620890f3e746ed7102
https://conda.anaconda.org/conda-forge/noarch/charset-normalizer-3.4.3-pyhd8ed1ab_0.conda#7e7d5ef1b9ed630e4a1c358d6bc62284
https://conda.anaconda.org/conda-forge/noarch/colorama-0.4.6-pyhd8ed1ab_1.conda#962b9857ee8e7018c22f2776ffa0b2d7
https://conda.anaconda.org/conda-forge/noarch/crashtest-0.4.1-pyhd8ed1ab_1.conda#e036e2f76d9c9aebc12510ed23352b6c
https://conda.anaconda.org/conda-forge/noarch/distlib-0.4.0-pyhd8ed1ab_0.conda#003b8ba0a94e2f1e117d0bd46aebc901
https://conda.anaconda.org/conda-forge/noarch/filelock-3.19.1-pyhd8ed1ab_0.conda#9c418d067409452b2e87e0016257da68
https://conda.anaconda.org/conda-forge/noarch/hpack-4.1.0-pyhd8ed1ab_0.conda#0a802cb9888dd14eeefc611f05c40b6e
https://conda.anaconda.org/conda-forge/noarch/hyperframe-6.1.0-pyhd8ed1ab_0.conda#8e6923fc12f1fe8f8c4e5c9f343256ac
https://conda.anaconda.org/conda-forge/noarch/idna-3.10-pyhd8ed1ab_1.conda#39a4f67be3286c86d696df570b1201b7
https://conda.anaconda.org/conda-forge/win-64/libarchive-3.8.1-gpl_h1ca5a36_100.conda#d8f4c086758bbf52b30750550cd38b1a
https://conda.anaconda.org/conda-forge/win-64/libcurl-8.14.1-h88aaa65_0.conda#836b9c08f34d2017dbcaec907c6a1138
https://conda.anaconda.org/conda-forge/win-64/libhwloc-2.12.1-default_h88281d1_1000.conda#e6298294e7612eccf57376a0683ddc80
https://conda.anaconda.org/conda-forge/win-64/markupsafe-3.0.2-py312h31fea79_1.conda#944fdd848abfbd6929e57c790b8174dd
https://conda.anaconda.org/conda-forge/noarch/more-itertools-10.7.0-pyhd8ed1ab_0.conda#7c65a443d58beb0518c35b26c70e201d
https://conda.anaconda.org/conda-forge/win-64/msgpack-python-1.1.1-py312hd5eb7cc_0.conda#732a1b46ab8c8ee0dce4aac014e66006
https://conda.anaconda.org/conda-forge/noarch/packaging-25.0-pyh29332c3_1.conda#58335b26c38bf4a20f399384c33cbcf9
https://conda.anaconda.org/conda-forge/noarch/pbs-installer-2025.8.27-pyhd8ed1ab_0.conda#27ad5541a9ae79436f03b3d21a55f77b
https://conda.anaconda.org/conda-forge/noarch/pkginfo-1.12.1.2-pyhd8ed1ab_0.conda#dc702b2fae7ebe770aff3c83adb16b63
https://conda.anaconda.org/conda-forge/noarch/platformdirs-4.4.0-pyhcf101f3_0.conda#cc9d9a3929503785403dbfad9f707145
https://conda.anaconda.org/conda-forge/noarch/poetry-core-2.1.3-pyhd8ed1ab_0.conda#8715a2dc994f1303fef0e07eeee75ac0
https://conda.anaconda.org/conda-forge/noarch/pycparser-2.22-pyh29332c3_1.conda#12c566707c80111f9799308d9e265aef
https://conda.anaconda.org/conda-forge/noarch/python-fastjsonschema-2.21.2-pyhe01879c_0.conda#23029aae904a2ba587daba708208012f
https://conda.anaconda.org/conda-forge/noarch/python-installer-0.7.0-pyhff2d567_1.conda#e27480eebcdf247209e90da706ebef8d
https://conda.anaconda.org/conda-forge/win-64/pywin32-ctypes-0.2.3-py312h2e8e312_2.conda#f99308735152f99cfc2e207bcfbfb7a8
https://conda.anaconda.org/conda-forge/win-64/pyyaml-6.0.2-py312h31fea79_2.conda#ba00a2e5059c1fde96459858537cc8f5
https://conda.anaconda.org/conda-forge/win-64/ruamel.yaml.clib-0.2.8-py312h4389bb4_1.conda#5758e70a80936d7527f70196685c6695
https://conda.anaconda.org/conda-forge/noarch/semver-3.0.4-pyhd8ed1ab_0.conda#982aa48accc06494cbd2b51af69e17c7
https://conda.anaconda.org/conda-forge/noarch/setuptools-80.9.0-pyhff2d567_0.conda#4de79c071274a53dcaf2a8c749d1499e
https://conda.anaconda.org/conda-forge/noarch/shellingham-1.5.4-pyhd8ed1ab_1.conda#7c3c2a0f3ebdea2bbc35538d162b43bf
https://conda.anaconda.org/conda-forge/noarch/smmap-5.0.2-pyhd8ed1ab_0.conda#87f47a78808baf2fa1ea9c315a1e48f1
https://conda.anaconda.org/conda-forge/noarch/sniffio-1.3.1-pyhd8ed1ab_1.conda#bf7a226e58dfb8346c70df36065d86c9
https://conda.anaconda.org/conda-forge/noarch/tomli-2.2.1-pyhe01879c_2.conda#30a0a26c8abccf4b7991d590fe17c699
https://conda.anaconda.org/conda-forge/noarch/tomlkit-0.13.3-pyha770c72_0.conda#146402bf0f11cbeb8f781fa4309a95d3
https://conda.anaconda.org/conda-forge/noarch/trove-classifiers-2025.8.26.11-pyhd8ed1ab_0.conda#7e40fb5d7eceaaf74900b3929dddfb06
https://conda.anaconda.org/conda-forge/noarch/typing_extensions-4.15.0-pyhcf101f3_0.conda#0caa1af407ecff61170c9437a808404d
https://conda.anaconda.org/conda-forge/noarch/wheel-0.45.1-pyhd8ed1ab_1.conda#75cb7132eb58d97896e173ef12ac9986
https://conda.anaconda.org/conda-forge/noarch/win_inet_pton-1.1.0-pyh7428d3b_8.conda#46e441ba871f524e2b067929da3051c2
https://conda.anaconda.org/conda-forge/noarch/zipp-3.23.0-pyhd8ed1ab_0.conda#df5e78d904988eb55042c0c97446079f
https://conda.anaconda.org/conda-forge/noarch/backports.tarfile-1.2.0-pyhd8ed1ab_1.conda#df837d654933488220b454c6a3b0fad6
https://conda.anaconda.org/conda-forge/win-64/cffi-1.17.1-py312h4389bb4_0.conda#08310c1a22ef957d537e547f8d484f92
https://conda.anaconda.org/conda-forge/noarch/click-8.2.1-pyh7428d3b_0.conda#3a59475037bc09da916e4062c5cad771
https://conda.anaconda.org/conda-forge/noarch/exceptiongroup-1.3.0-pyhd8ed1ab_0.conda#72e42d28960d875c7654614f8b50939a
https://conda.anaconda.org/conda-forge/noarch/findpython-0.6.3-pyhff2d567_0.conda#f2bfd30939d15a4669f7c775db0a847f
https://conda.anaconda.org/conda-forge/noarch/gitdb-4.0.12-pyhd8ed1ab_0.conda#7c14f3706e099f8fcd47af2d494616cc
https://conda.anaconda.org/conda-forge/noarch/h11-0.16.0-pyhd8ed1ab_0.conda#4b69232755285701bc86a5afe4d9933a
https://conda.anaconda.org/conda-forge/noarch/h2-4.3.0-pyhcf101f3_0.conda#164fc43f0b53b6e3a7bc7dce5e4f1dc9
https://conda.anaconda.org/conda-forge/noarch/importlib-metadata-8.6.1-pyha770c72_0.conda#f4b39bf00c69f56ac01e020ebfac066c
https://conda.anaconda.org/conda-forge/noarch/importlib_resources-6.5.2-pyhd8ed1ab_0.conda#c85c76dc67d75619a92f51dfbce06992
https://conda.anaconda.org/conda-forge/noarch/jaraco.classes-3.4.0-pyhd8ed1ab_2.conda#ade6b25a6136661dadd1a43e4350b10b
https://conda.anaconda.org/conda-forge/noarch/jaraco.functools-4.3.0-pyhd8ed1ab_0.conda#b86839fa387a5b904846e77c84167e57
https://conda.anaconda.org/conda-forge/noarch/jinja2-3.1.6-pyhd8ed1ab_0.conda#446bd6c8cb26050d528881df495ce646
https://conda.anaconda.org/conda-forge/win-64/libmamba-2.3.2-hd264f3a_0.conda#40c4cdeffe48b7e8d8aa16bb23fdbb4d
https://conda.anaconda.org/conda-forge/noarch/pip-25.2-pyh8b19718_0.conda#dfce4b2af4bfe90cdcaf56ca0b28ddf5
https://conda.anaconda.org/conda-forge/noarch/pyproject_hooks-1.2.0-pyhd8ed1ab_1.conda#d4582021af437c931d7d77ec39007845
https://conda.anaconda.org/conda-forge/noarch/pysocks-1.7.1-pyh09c184e_7.conda#e2fd202833c4a981ce8a65974fe4abd1
https://conda.anaconda.org/conda-forge/win-64/ruamel.yaml-0.18.15-py312he06e257_0.conda#6ebba8b11adb9df26b3e2430c9cc0bb1
https://conda.anaconda.org/conda-forge/win-64/tbb-2021.13.0-h18a62a1_3.conda#72226638648e494aaafde8155d50dab2
https://conda.anaconda.org/conda-forge/noarch/typing-extensions-4.15.0-h396c80c_0.conda#edd329d7d3a4ab45dcf905899a7a6115
https://conda.anaconda.org/conda-forge/noarch/typing-inspection-0.4.1-pyhd8ed1ab_0.conda#e0c3cd765dc15751ee2f0b03cd015712
https://conda.anaconda.org/conda-forge/noarch/virtualenv-20.32.0-pyhd8ed1ab_0.conda#3d6c6f6498c5fb6587dc03ff9541feeb
https://conda.anaconda.org/conda-forge/noarch/annotated-types-0.7.0-pyhd8ed1ab_1.conda#2934f256a8acfe48f6ebb4fce6cde29c
https://conda.anaconda.org/conda-forge/noarch/anyio-4.10.0-pyhe01879c_0.conda#cc2613bfa71dec0eb2113ee21ac9ccbf
https://conda.anaconda.org/conda-forge/noarch/click-default-group-1.2.4-pyhd8ed1ab_1.conda#7cd83dd6831b61ad9624a694e4afd7dc
https://conda.anaconda.org/conda-forge/noarch/gitpython-3.1.45-pyhff2d567_0.conda#b91d463ea8be13bcbe644ae8bc99c39f
https://conda.anaconda.org/conda-forge/noarch/jaraco.context-6.0.1-pyhd8ed1ab_0.conda#bcc023a32ea1c44a790bbf1eae473486
https://conda.anaconda.org/conda-forge/win-64/mamba-2.3.2-h0bf2f65_0.conda#5c46a28bdc9bee3999ad62c7ca4cf33a
https://conda.anaconda.org/conda-forge/win-64/mkl-2024.2.2-h57928b3_16.conda#5cddc979c74b90cf5e5cda4f97d5d8bb
https://conda.anaconda.org/conda-forge/win-64/pydantic-core-2.33.2-py312h8422cdd_0.conda#c61e3f191da309117e0b0478b49f6e91
https://conda.anaconda.org/conda-forge/noarch/python-build-1.3.0-pyhff2d567_0.conda#ed5d43e9ef92cc2a9872f9bdfe94b984
https://conda.anaconda.org/conda-forge/win-64/zstandard-0.23.0-py312he06e257_3.conda#e23097165ce8ba29c30854c2a9e84449
https://conda.anaconda.org/conda-forge/noarch/httpcore-1.0.9-pyh29332c3_0.conda#4f14640d58e2cc0aa0819d9d8ba125bb
https://conda.anaconda.org/conda-forge/noarch/keyring-25.6.0-pyh7428d3b_0.conda#4fa149bfac931bd5a059b9d9d0039c16
https://conda.anaconda.org/conda-forge/win-64/libblas-3.9.0-34_h5709861_mkl.conda#a64dcde5f27b8e0e413ddfc56151664c
https://conda.anaconda.org/conda-forge/noarch/pydantic-2.11.7-pyh3cfb1c2_0.conda#1b337e3d378cde62889bb735c024b7a2
https://conda.anaconda.org/conda-forge/noarch/urllib3-2.5.0-pyhd8ed1ab_0.conda#436c165519e140cb08d246a4472a9d6a
https://conda.anaconda.org/conda-forge/win-64/dulwich-0.22.8-py312h2615798_0.conda#0e62536b1ba8be72f0b44a98d538a0af
https://conda.anaconda.org/conda-forge/noarch/httpx-0.28.1-pyhd8ed1ab_0.conda#d6989ead454181f4f9bc987d3dc4e285
https://conda.anaconda.org/conda-forge/win-64/libcblas-3.9.0-34_h2a3cdd5_mkl.conda#25a019872ff471af70fd76d9aaaf1313
https://conda.anaconda.org/conda-forge/win-64/liblapack-3.9.0-34_hf9ab0e9_mkl.conda#ba80d9feadfbafceafb0bf46d35f5886
https://conda.anaconda.org/conda-forge/noarch/requests-2.32.5-pyhd8ed1ab_0.conda#db0c6b99149880c8ba515cf4abe93ee4
https://conda.anaconda.org/conda-forge/noarch/cachecontrol-0.14.3-pyha770c72_0.conda#241ef6e3db47a143ac34c21bfba510f1
https://conda.anaconda.org/conda-forge/noarch/ensureconda-1.4.7-pyh29332c3_0.conda#349b1d4311d7344bff92ad890fdbe6aa
https://conda.anaconda.org/conda-forge/win-64/numpy-2.3.2-py312ha72d056_2.conda#d98b7ec5211b2e197e7e0991757116cb
https://conda.anaconda.org/conda-forge/noarch/requests-toolbelt-1.0.0-pyhd8ed1ab_1.conda#66de8645e324fda0ea6ef28c2f99a2ab
https://conda.anaconda.org/conda-forge/noarch/cachecontrol-with-filecache-0.14.3-pyhd8ed1ab_0.conda#b4af8c1b61929b1bcb001c2953882149
https://conda.anaconda.org/conda-forge/win-64/rapidfuzz-3.14.0-py312hbb81ca0_0.conda#e10539d03c720bc4fa2c526eb8a90ba1
https://conda.anaconda.org/conda-forge/noarch/cleo-2.1.0-pyhd8ed1ab_1.conda#0bbf06825d478dc823a7cea431b9108c
https://conda.anaconda.org/conda-forge/noarch/conda-lock-3.0.4-pyha6a9232_1.conda#90267864ae83a78506f1c8c34234ea7d
https://conda.anaconda.org/conda-forge/noarch/poetry-2.1.4-pyh7428d3b_0.conda#bbb1d16429493ed981137075cf60928a
